// !$*UTF8*$!
{
	archiveVersion = 1;
	classes = {
	};
	objectVersion = 50;
	objects = {

/* Begin PBXBuildFile section */
		99314D0925305F24001F6336 /* StreamAMG_AppApp.swift in Sources */ = {isa = PBXBuildFile; fileRef = 99314D0825305F24001F6336 /* StreamAMG_AppApp.swift */; };
		99314D0B25305F24001F6336 /* ContentView.swift in Sources */ = {isa = PBXBuildFile; fileRef = 99314D0A25305F24001F6336 /* ContentView.swift */; };
		99314D0D25305F26001F6336 /* Assets.xcassets in Resources */ = {isa = PBXBuildFile; fileRef = 99314D0C25305F26001F6336 /* Assets.xcassets */; };
		99314D1025305F26001F6336 /* Preview Assets.xcassets in Resources */ = {isa = PBXBuildFile; fileRef = 99314D0F25305F26001F6336 /* Preview Assets.xcassets */; };
		99314D1B25305F27001F6336 /* StreamAMG_AppTests.swift in Sources */ = {isa = PBXBuildFile; fileRef = 99314D1A25305F27001F6336 /* StreamAMG_AppTests.swift */; };
		99314D2625305F27001F6336 /* StreamAMG_AppUITests.swift in Sources */ = {isa = PBXBuildFile; fileRef = 99314D2525305F27001F6336 /* StreamAMG_AppUITests.swift */; };
		99314D3D25309E9F001F6336 /* Video.swift in Sources */ = {isa = PBXBuildFile; fileRef = 99314D3C25309E9F001F6336 /* Video.swift */; };
		99314D452530A353001F6336 /* Section.swift in Sources */ = {isa = PBXBuildFile; fileRef = 99314D442530A353001F6336 /* Section.swift */; };
		99314D4A2530A4B7001F6336 /* FeedViewModel.swift in Sources */ = {isa = PBXBuildFile; fileRef = 99314D492530A4B7001F6336 /* FeedViewModel.swift */; };
		99314D5325323BEF001F6336 /* ApiClient.swift in Sources */ = {isa = PBXBuildFile; fileRef = 99314D5225323BEF001F6336 /* ApiClient.swift */; };
		99314D5B25323CC2001F6336 /* GetVideosResponse.swift in Sources */ = {isa = PBXBuildFile; fileRef = 99314D5A25323CC2001F6336 /* GetVideosResponse.swift */; };
		99314D6025324080001F6336 /* FeedViewController.swift in Sources */ = {isa = PBXBuildFile; fileRef = 99314D5F25324080001F6336 /* FeedViewController.swift */; };
/* End PBXBuildFile section */

/* Begin PBXContainerItemProxy section */
		99314D1725305F26001F6336 /* PBXContainerItemProxy */ = {
			isa = PBXContainerItemProxy;
			containerPortal = 99314CFD25305F24001F6336 /* Project object */;
			proxyType = 1;
			remoteGlobalIDString = 99314D0425305F24001F6336;
			remoteInfo = "StreamAMG App";
		};
		99314D2225305F27001F6336 /* PBXContainerItemProxy */ = {
			isa = PBXContainerItemProxy;
			containerPortal = 99314CFD25305F24001F6336 /* Project object */;
			proxyType = 1;
			remoteGlobalIDString = 99314D0425305F24001F6336;
			remoteInfo = "StreamAMG App";
		};
/* End PBXContainerItemProxy section */

/* Begin PBXFileReference section */
		99314D0525305F24001F6336 /* StreamAMG App.app */ = {isa = PBXFileReference; explicitFileType = wrapper.application; includeInIndex = 0; path = "StreamAMG App.app"; sourceTree = BUILT_PRODUCTS_DIR; };
		99314D0825305F24001F6336 /* StreamAMG_AppApp.swift */ = {isa = PBXFileReference; lastKnownFileType = sourcecode.swift; path = StreamAMG_AppApp.swift; sourceTree = "<group>"; };
		99314D0A25305F24001F6336 /* ContentView.swift */ = {isa = PBXFileReference; lastKnownFileType = sourcecode.swift; path = ContentView.swift; sourceTree = "<group>"; };
		99314D0C25305F26001F6336 /* Assets.xcassets */ = {isa = PBXFileReference; lastKnownFileType = folder.assetcatalog; path = Assets.xcassets; sourceTree = "<group>"; };
		99314D0F25305F26001F6336 /* Preview Assets.xcassets */ = {isa = PBXFileReference; lastKnownFileType = folder.assetcatalog; path = "Preview Assets.xcassets"; sourceTree = "<group>"; };
		99314D1125305F26001F6336 /* Info.plist */ = {isa = PBXFileReference; lastKnownFileType = text.plist.xml; path = Info.plist; sourceTree = "<group>"; };
		99314D1625305F26001F6336 /* StreamAMG AppTests.xctest */ = {isa = PBXFileReference; explicitFileType = wrapper.cfbundle; includeInIndex = 0; path = "StreamAMG AppTests.xctest"; sourceTree = BUILT_PRODUCTS_DIR; };
		99314D1A25305F27001F6336 /* StreamAMG_AppTests.swift */ = {isa = PBXFileReference; lastKnownFileType = sourcecode.swift; path = StreamAMG_AppTests.swift; sourceTree = "<group>"; };
		99314D1C25305F27001F6336 /* Info.plist */ = {isa = PBXFileReference; lastKnownFileType = text.plist.xml; path = Info.plist; sourceTree = "<group>"; };
		99314D2125305F27001F6336 /* StreamAMG AppUITests.xctest */ = {isa = PBXFileReference; explicitFileType = wrapper.cfbundle; includeInIndex = 0; path = "StreamAMG AppUITests.xctest"; sourceTree = BUILT_PRODUCTS_DIR; };
		99314D2525305F27001F6336 /* StreamAMG_AppUITests.swift */ = {isa = PBXFileReference; lastKnownFileType = sourcecode.swift; path = StreamAMG_AppUITests.swift; sourceTree = "<group>"; };
		99314D2725305F27001F6336 /* Info.plist */ = {isa = PBXFileReference; lastKnownFileType = text.plist.xml; path = Info.plist; sourceTree = "<group>"; };
		99314D3C25309E9F001F6336 /* Video.swift */ = {isa = PBXFileReference; lastKnownFileType = sourcecode.swift; path = Video.swift; sourceTree = "<group>"; };
		99314D442530A353001F6336 /* Section.swift */ = {isa = PBXFileReference; lastKnownFileType = sourcecode.swift; path = Section.swift; sourceTree = "<group>"; };
		99314D492530A4B7001F6336 /* FeedViewModel.swift */ = {isa = PBXFileReference; lastKnownFileType = sourcecode.swift; path = FeedViewModel.swift; sourceTree = "<group>"; };
		99314D5225323BEF001F6336 /* ApiClient.swift */ = {isa = PBXFileReference; lastKnownFileType = sourcecode.swift; path = ApiClient.swift; sourceTree = "<group>"; };
		99314D5A25323CC2001F6336 /* GetVideosResponse.swift */ = {isa = PBXFileReference; lastKnownFileType = sourcecode.swift; path = GetVideosResponse.swift; sourceTree = "<group>"; };
		99314D5F25324080001F6336 /* FeedViewController.swift */ = {isa = PBXFileReference; lastKnownFileType = sourcecode.swift; path = FeedViewController.swift; sourceTree = "<group>"; };
/* End PBXFileReference section */

/* Begin PBXFrameworksBuildPhase section */
		99314D0225305F24001F6336 /* Frameworks */ = {
			isa = PBXFrameworksBuildPhase;
			buildActionMask = 2147483647;
			files = (
			);
			runOnlyForDeploymentPostprocessing = 0;
		};
		99314D1325305F26001F6336 /* Frameworks */ = {
			isa = PBXFrameworksBuildPhase;
			buildActionMask = 2147483647;
			files = (
			);
			runOnlyForDeploymentPostprocessing = 0;
		};
		99314D1E25305F27001F6336 /* Frameworks */ = {
			isa = PBXFrameworksBuildPhase;
			buildActionMask = 2147483647;
			files = (
			);
			runOnlyForDeploymentPostprocessing = 0;
		};
/* End PBXFrameworksBuildPhase section */

/* Begin PBXGroup section */
		99314CFC25305F24001F6336 = {
			isa = PBXGroup;
			children = (
				99314D0725305F24001F6336 /* StreamAMG App */,
				99314D1925305F27001F6336 /* StreamAMG AppTests */,
				99314D2425305F27001F6336 /* StreamAMG AppUITests */,
				99314D0625305F24001F6336 /* Products */,
			);
			sourceTree = "<group>";
		};
		99314D0625305F24001F6336 /* Products */ = {
			isa = PBXGroup;
			children = (
				99314D0525305F24001F6336 /* StreamAMG App.app */,
				99314D1625305F26001F6336 /* StreamAMG AppTests.xctest */,
				99314D2125305F27001F6336 /* StreamAMG AppUITests.xctest */,
			);
			name = Products;
			sourceTree = "<group>";
		};
		99314D0725305F24001F6336 /* StreamAMG App */ = {
			isa = PBXGroup;
			children = (
				99314D5125323BE3001F6336 /* Network */,
				99314D3B25309A39001F6336 /* ViewModels */,
				99314D3A25309A34001F6336 /* Models */,
				99314D3925309A11001F6336 /* ViewControllers */,
				99314D0825305F24001F6336 /* StreamAMG_AppApp.swift */,
				99314D0A25305F24001F6336 /* ContentView.swift */,
				99314D0C25305F26001F6336 /* Assets.xcassets */,
				99314D1125305F26001F6336 /* Info.plist */,
				99314D0E25305F26001F6336 /* Preview Content */,
			);
			path = "StreamAMG App";
			sourceTree = "<group>";
		};
		99314D0E25305F26001F6336 /* Preview Content */ = {
			isa = PBXGroup;
			children = (
				99314D0F25305F26001F6336 /* Preview Assets.xcassets */,
			);
			path = "Preview Content";
			sourceTree = "<group>";
		};
		99314D1925305F27001F6336 /* StreamAMG AppTests */ = {
			isa = PBXGroup;
			children = (
				99314D1A25305F27001F6336 /* StreamAMG_AppTests.swift */,
				99314D1C25305F27001F6336 /* Info.plist */,
			);
			path = "StreamAMG AppTests";
			sourceTree = "<group>";
		};
		99314D2425305F27001F6336 /* StreamAMG AppUITests */ = {
			isa = PBXGroup;
			children = (
				99314D2525305F27001F6336 /* StreamAMG_AppUITests.swift */,
				99314D2725305F27001F6336 /* Info.plist */,
			);
			path = "StreamAMG AppUITests";
			sourceTree = "<group>";
		};
		99314D3925309A11001F6336 /* ViewControllers */ = {
			isa = PBXGroup;
			children = (
				99314D5F25324080001F6336 /* FeedViewController.swift */,
			);
			path = ViewControllers;
			sourceTree = "<group>";
		};
		99314D3A25309A34001F6336 /* Models */ = {
			isa = PBXGroup;
			children = (
				99314D3C25309E9F001F6336 /* Video.swift */,
				99314D442530A353001F6336 /* Section.swift */,
				99314D5A25323CC2001F6336 /* GetVideosResponse.swift */,
			);
			path = Models;
			sourceTree = "<group>";
		};
		99314D3B25309A39001F6336 /* ViewModels */ = {
			isa = PBXGroup;
			children = (
				99314D492530A4B7001F6336 /* FeedViewModel.swift */,
			);
			path = ViewModels;
			sourceTree = "<group>";
		};
		99314D5125323BE3001F6336 /* Network */ = {
			isa = PBXGroup;
			children = (
				99314D5225323BEF001F6336 /* ApiClient.swift */,
			);
			path = Network;
			sourceTree = "<group>";
		};
/* End PBXGroup section */

/* Begin PBXNativeTarget section */
		99314D0425305F24001F6336 /* StreamAMG App */ = {
			isa = PBXNativeTarget;
			buildConfigurationList = 99314D2A25305F27001F6336 /* Build configuration list for PBXNativeTarget "StreamAMG App" */;
			buildPhases = (
				99314D0125305F24001F6336 /* Sources */,
				99314D0225305F24001F6336 /* Frameworks */,
				99314D0325305F24001F6336 /* Resources */,
			);
			buildRules = (
			);
			dependencies = (
			);
			name = "StreamAMG App";
			productName = "StreamAMG App";
			productReference = 99314D0525305F24001F6336 /* StreamAMG App.app */;
			productType = "com.apple.product-type.application";
		};
		99314D1525305F26001F6336 /* StreamAMG AppTests */ = {
			isa = PBXNativeTarget;
			buildConfigurationList = 99314D2D25305F27001F6336 /* Build configuration list for PBXNativeTarget "StreamAMG AppTests" */;
			buildPhases = (
				99314D1225305F26001F6336 /* Sources */,
				99314D1325305F26001F6336 /* Frameworks */,
				99314D1425305F26001F6336 /* Resources */,
			);
			buildRules = (
			);
			dependencies = (
				99314D1825305F26001F6336 /* PBXTargetDependency */,
			);
			name = "StreamAMG AppTests";
			productName = "StreamAMG AppTests";
			productReference = 99314D1625305F26001F6336 /* StreamAMG AppTests.xctest */;
			productType = "com.apple.product-type.bundle.unit-test";
		};
		99314D2025305F27001F6336 /* StreamAMG AppUITests */ = {
			isa = PBXNativeTarget;
			buildConfigurationList = 99314D3025305F27001F6336 /* Build configuration list for PBXNativeTarget "StreamAMG AppUITests" */;
			buildPhases = (
				99314D1D25305F27001F6336 /* Sources */,
				99314D1E25305F27001F6336 /* Frameworks */,
				99314D1F25305F27001F6336 /* Resources */,
			);
			buildRules = (
			);
			dependencies = (
				99314D2325305F27001F6336 /* PBXTargetDependency */,
			);
			name = "StreamAMG AppUITests";
			productName = "StreamAMG AppUITests";
			productReference = 99314D2125305F27001F6336 /* StreamAMG AppUITests.xctest */;
			productType = "com.apple.product-type.bundle.ui-testing";
		};
/* End PBXNativeTarget section */

/* Begin PBXProject section */
		99314CFD25305F24001F6336 /* Project object */ = {
			isa = PBXProject;
			attributes = {
				LastSwiftUpdateCheck = 1200;
				LastUpgradeCheck = 1200;
				TargetAttributes = {
					99314D0425305F24001F6336 = {
						CreatedOnToolsVersion = 12.0.1;
					};
					99314D1525305F26001F6336 = {
						CreatedOnToolsVersion = 12.0.1;
						TestTargetID = 99314D0425305F24001F6336;
					};
					99314D2025305F27001F6336 = {
						CreatedOnToolsVersion = 12.0.1;
						TestTargetID = 99314D0425305F24001F6336;
					};
				};
			};
			buildConfigurationList = 99314D0025305F24001F6336 /* Build configuration list for PBXProject "StreamAMG App" */;
			compatibilityVersion = "Xcode 9.3";
			developmentRegion = en;
			hasScannedForEncodings = 0;
			knownRegions = (
				en,
				Base,
			);
			mainGroup = 99314CFC25305F24001F6336;
			productRefGroup = 99314D0625305F24001F6336 /* Products */;
			projectDirPath = "";
			projectRoot = "";
			targets = (
				99314D0425305F24001F6336 /* StreamAMG App */,
				99314D1525305F26001F6336 /* StreamAMG AppTests */,
				99314D2025305F27001F6336 /* StreamAMG AppUITests */,
			);
		};
/* End PBXProject section */

/* Begin PBXResourcesBuildPhase section */
		99314D0325305F24001F6336 /* Resources */ = {
			isa = PBXResourcesBuildPhase;
			buildActionMask = 2147483647;
			files = (
				99314D1025305F26001F6336 /* Preview Assets.xcassets in Resources */,
				99314D0D25305F26001F6336 /* Assets.xcassets in Resources */,
			);
			runOnlyForDeploymentPostprocessing = 0;
		};
		99314D1425305F26001F6336 /* Resources */ = {
			isa = PBXResourcesBuildPhase;
			buildActionMask = 2147483647;
			files = (
			);
			runOnlyForDeploymentPostprocessing = 0;
		};
		99314D1F25305F27001F6336 /* Resources */ = {
			isa = PBXResourcesBuildPhase;
			buildActionMask = 2147483647;
			files = (
			);
			runOnlyForDeploymentPostprocessing = 0;
		};
/* End PBXResourcesBuildPhase section */

/* Begin PBXSourcesBuildPhase section */
		99314D0125305F24001F6336 /* Sources */ = {
			isa = PBXSourcesBuildPhase;
			buildActionMask = 2147483647;
			files = (
				99314D4A2530A4B7001F6336 /* FeedViewModel.swift in Sources */,
				99314D0B25305F24001F6336 /* ContentView.swift in Sources */,
				99314D452530A353001F6336 /* Section.swift in Sources */,
				99314D3D25309E9F001F6336 /* Video.swift in Sources */,
				99314D0925305F24001F6336 /* StreamAMG_AppApp.swift in Sources */,
				99314D5B25323CC2001F6336 /* GetVideosResponse.swift in Sources */,
				99314D6025324080001F6336 /* FeedViewController.swift in Sources */,
				99314D5325323BEF001F6336 /* ApiClient.swift in Sources */,
			);
			runOnlyForDeploymentPostprocessing = 0;
		};
		99314D1225305F26001F6336 /* Sources */ = {
			isa = PBXSourcesBuildPhase;
			buildActionMask = 2147483647;
			files = (
				99314D1B25305F27001F6336 /* StreamAMG_AppTests.swift in Sources */,
			);
			runOnlyForDeploymentPostprocessing = 0;
		};
		99314D1D25305F27001F6336 /* Sources */ = {
			isa = PBXSourcesBuildPhase;
			buildActionMask = 2147483647;
			files = (
				99314D2625305F27001F6336 /* StreamAMG_AppUITests.swift in Sources */,
			);
			runOnlyForDeploymentPostprocessing = 0;
		};
/* End PBXSourcesBuildPhase section */

/* Begin PBXTargetDependency section */
		99314D1825305F26001F6336 /* PBXTargetDependency */ = {
			isa = PBXTargetDependency;
			target = 99314D0425305F24001F6336 /* StreamAMG App */;
			targetProxy = 99314D1725305F26001F6336 /* PBXContainerItemProxy */;
		};
		99314D2325305F27001F6336 /* PBXTargetDependency */ = {
			isa = PBXTargetDependency;
			target = 99314D0425305F24001F6336 /* StreamAMG App */;
			targetProxy = 99314D2225305F27001F6336 /* PBXContainerItemProxy */;
		};
/* End PBXTargetDependency section */

/* Begin XCBuildConfiguration section */
		99314D2825305F27001F6336 /* Debug */ = {
			isa = XCBuildConfiguration;
			buildSettings = {
				ALWAYS_SEARCH_USER_PATHS = NO;
				CLANG_ANALYZER_NONNULL = YES;
				CLANG_ANALYZER_NUMBER_OBJECT_CONVERSION = YES_AGGRESSIVE;
				CLANG_CXX_LANGUAGE_STANDARD = "gnu++14";
				CLANG_CXX_LIBRARY = "libc++";
				CLANG_ENABLE_MODULES = YES;
				CLANG_ENABLE_OBJC_ARC = YES;
				CLANG_ENABLE_OBJC_WEAK = YES;
				CLANG_WARN_BLOCK_CAPTURE_AUTORELEASING = YES;
				CLANG_WARN_BOOL_CONVERSION = YES;
				CLANG_WARN_COMMA = YES;
				CLANG_WARN_CONSTANT_CONVERSION = YES;
				CLANG_WARN_DEPRECATED_OBJC_IMPLEMENTATIONS = YES;
				CLANG_WARN_DIRECT_OBJC_ISA_USAGE = YES_ERROR;
				CLANG_WARN_DOCUMENTATION_COMMENTS = YES;
				CLANG_WARN_EMPTY_BODY = YES;
				CLANG_WARN_ENUM_CONVERSION = YES;
				CLANG_WARN_INFINITE_RECURSION = YES;
				CLANG_WARN_INT_CONVERSION = YES;
				CLANG_WARN_NON_LITERAL_NULL_CONVERSION = YES;
				CLANG_WARN_OBJC_IMPLICIT_RETAIN_SELF = YES;
				CLANG_WARN_OBJC_LITERAL_CONVERSION = YES;
				CLANG_WARN_OBJC_ROOT_CLASS = YES_ERROR;
				CLANG_WARN_QUOTED_INCLUDE_IN_FRAMEWORK_HEADER = YES;
				CLANG_WARN_RANGE_LOOP_ANALYSIS = YES;
				CLANG_WARN_STRICT_PROTOTYPES = YES;
				CLANG_WARN_SUSPICIOUS_MOVE = YES;
				CLANG_WARN_UNGUARDED_AVAILABILITY = YES_AGGRESSIVE;
				CLANG_WARN_UNREACHABLE_CODE = YES;
				CLANG_WARN__DUPLICATE_METHOD_MATCH = YES;
				COPY_PHASE_STRIP = NO;
				DEBUG_INFORMATION_FORMAT = dwarf;
				ENABLE_STRICT_OBJC_MSGSEND = YES;
				ENABLE_TESTABILITY = YES;
				GCC_C_LANGUAGE_STANDARD = gnu11;
				GCC_DYNAMIC_NO_PIC = NO;
				GCC_NO_COMMON_BLOCKS = YES;
				GCC_OPTIMIZATION_LEVEL = 0;
				GCC_PREPROCESSOR_DEFINITIONS = (
					"DEBUG=1",
					"$(inherited)",
				);
				GCC_WARN_64_TO_32_BIT_CONVERSION = YES;
				GCC_WARN_ABOUT_RETURN_TYPE = YES_ERROR;
				GCC_WARN_UNDECLARED_SELECTOR = YES;
				GCC_WARN_UNINITIALIZED_AUTOS = YES_AGGRESSIVE;
				GCC_WARN_UNUSED_FUNCTION = YES;
				GCC_WARN_UNUSED_VARIABLE = YES;
				IPHONEOS_DEPLOYMENT_TARGET = 14.0;
				MTL_ENABLE_DEBUG_INFO = INCLUDE_SOURCE;
				MTL_FAST_MATH = YES;
				ONLY_ACTIVE_ARCH = YES;
				SDKROOT = iphoneos;
				SWIFT_ACTIVE_COMPILATION_CONDITIONS = DEBUG;
				SWIFT_OPTIMIZATION_LEVEL = "-Onone";
			};
			name = Debug;
		};
		99314D2925305F27001F6336 /* Release */ = {
			isa = XCBuildConfiguration;
			buildSettings = {
				ALWAYS_SEARCH_USER_PATHS = NO;
				CLANG_ANALYZER_NONNULL = YES;
				CLANG_ANALYZER_NUMBER_OBJECT_CONVERSION = YES_AGGRESSIVE;
				CLANG_CXX_LANGUAGE_STANDARD = "gnu++14";
				CLANG_CXX_LIBRARY = "libc++";
				CLANG_ENABLE_MODULES = YES;
				CLANG_ENABLE_OBJC_ARC = YES;
				CLANG_ENABLE_OBJC_WEAK = YES;
				CLANG_WARN_BLOCK_CAPTURE_AUTORELEASING = YES;
				CLANG_WARN_BOOL_CONVERSION = YES;
				CLANG_WARN_COMMA = YES;
				CLANG_WARN_CONSTANT_CONVERSION = YES;
				CLANG_WARN_DEPRECATED_OBJC_IMPLEMENTATIONS = YES;
				CLANG_WARN_DIRECT_OBJC_ISA_USAGE = YES_ERROR;
				CLANG_WARN_DOCUMENTATION_COMMENTS = YES;
				CLANG_WARN_EMPTY_BODY = YES;
				CLANG_WARN_ENUM_CONVERSION = YES;
				CLANG_WARN_INFINITE_RECURSION = YES;
				CLANG_WARN_INT_CONVERSION = YES;
				CLANG_WARN_NON_LITERAL_NULL_CONVERSION = YES;
				CLANG_WARN_OBJC_IMPLICIT_RETAIN_SELF = YES;
				CLANG_WARN_OBJC_LITERAL_CONVERSION = YES;
				CLANG_WARN_OBJC_ROOT_CLASS = YES_ERROR;
				CLANG_WARN_QUOTED_INCLUDE_IN_FRAMEWORK_HEADER = YES;
				CLANG_WARN_RANGE_LOOP_ANALYSIS = YES;
				CLANG_WARN_STRICT_PROTOTYPES = YES;
				CLANG_WARN_SUSPICIOUS_MOVE = YES;
				CLANG_WARN_UNGUARDED_AVAILABILITY = YES_AGGRESSIVE;
				CLANG_WARN_UNREACHABLE_CODE = YES;
				CLANG_WARN__DUPLICATE_METHOD_MATCH = YES;
				COPY_PHASE_STRIP = NO;
				DEBUG_INFORMATION_FORMAT = "dwarf-with-dsym";
				ENABLE_NS_ASSERTIONS = NO;
				ENABLE_STRICT_OBJC_MSGSEND = YES;
				GCC_C_LANGUAGE_STANDARD = gnu11;
				GCC_NO_COMMON_BLOCKS = YES;
				GCC_WARN_64_TO_32_BIT_CONVERSION = YES;
				GCC_WARN_ABOUT_RETURN_TYPE = YES_ERROR;
				GCC_WARN_UNDECLARED_SELECTOR = YES;
				GCC_WARN_UNINITIALIZED_AUTOS = YES_AGGRESSIVE;
				GCC_WARN_UNUSED_FUNCTION = YES;
				GCC_WARN_UNUSED_VARIABLE = YES;
				IPHONEOS_DEPLOYMENT_TARGET = 14.0;
				MTL_ENABLE_DEBUG_INFO = NO;
				MTL_FAST_MATH = YES;
				SDKROOT = iphoneos;
				SWIFT_COMPILATION_MODE = wholemodule;
				SWIFT_OPTIMIZATION_LEVEL = "-O";
				VALIDATE_PRODUCT = YES;
			};
			name = Release;
		};
		99314D2B25305F27001F6336 /* Debug */ = {
			isa = XCBuildConfiguration;
			buildSettings = {
				ASSETCATALOG_COMPILER_APPICON_NAME = AppIcon;
				ASSETCATALOG_COMPILER_GLOBAL_ACCENT_COLOR_NAME = AccentColor;
				CODE_SIGN_STYLE = Automatic;
				DEVELOPMENT_ASSET_PATHS = "\"StreamAMG App/Preview Content\"";
				ENABLE_PREVIEWS = YES;
				INFOPLIST_FILE = "StreamAMG App/Info.plist";
				IPHONEOS_DEPLOYMENT_TARGET = 14.0;
				LD_RUNPATH_SEARCH_PATHS = (
					"$(inherited)",
					"@executable_path/Frameworks",
				);
				PRODUCT_BUNDLE_IDENTIFIER = "Rafal-Ozog.StreamAMG-App";
				PRODUCT_NAME = "$(TARGET_NAME)";
				SWIFT_VERSION = 5.0;
				TARGETED_DEVICE_FAMILY = "1,2";
			};
			name = Debug;
		};
		99314D2C25305F27001F6336 /* Release */ = {
			isa = XCBuildConfiguration;
			buildSettings = {
				ASSETCATALOG_COMPILER_APPICON_NAME = AppIcon;
				ASSETCATALOG_COMPILER_GLOBAL_ACCENT_COLOR_NAME = AccentColor;
				CODE_SIGN_STYLE = Automatic;
				DEVELOPMENT_ASSET_PATHS = "\"StreamAMG App/Preview Content\"";
				ENABLE_PREVIEWS = YES;
				INFOPLIST_FILE = "StreamAMG App/Info.plist";
				IPHONEOS_DEPLOYMENT_TARGET = 14.0;
				LD_RUNPATH_SEARCH_PATHS = (
					"$(inherited)",
					"@executable_path/Frameworks",
				);
				PRODUCT_BUNDLE_IDENTIFIER = "Rafal-Ozog.StreamAMG-App";
				PRODUCT_NAME = "$(TARGET_NAME)";
				SWIFT_VERSION = 5.0;
				TARGETED_DEVICE_FAMILY = "1,2";
			};
			name = Release;
		};
		99314D2E25305F27001F6336 /* Debug */ = {
			isa = XCBuildConfiguration;
			buildSettings = {
				ALWAYS_EMBED_SWIFT_STANDARD_LIBRARIES = YES;
				BUNDLE_LOADER = "$(TEST_HOST)";
				CODE_SIGN_STYLE = Automatic;
				INFOPLIST_FILE = "StreamAMG AppTests/Info.plist";
				IPHONEOS_DEPLOYMENT_TARGET = 14.0;
				LD_RUNPATH_SEARCH_PATHS = (
					"$(inherited)",
					"@executable_path/Frameworks",
					"@loader_path/Frameworks",
				);
				PRODUCT_BUNDLE_IDENTIFIER = "Rafal-Ozog.StreamAMG-AppTests";
				PRODUCT_NAME = "$(TARGET_NAME)";
				SWIFT_VERSION = 5.0;
				TARGETED_DEVICE_FAMILY = "1,2";
				TEST_HOST = "$(BUILT_PRODUCTS_DIR)/StreamAMG App.app/StreamAMG App";
			};
			name = Debug;
		};
		99314D2F25305F27001F6336 /* Release */ = {
			isa = XCBuildConfiguration;
			buildSettings = {
				ALWAYS_EMBED_SWIFT_STANDARD_LIBRARIES = YES;
				BUNDLE_LOADER = "$(TEST_HOST)";
				CODE_SIGN_STYLE = Automatic;
				INFOPLIST_FILE = "StreamAMG AppTests/Info.plist";
				IPHONEOS_DEPLOYMENT_TARGET = 14.0;
				LD_RUNPATH_SEARCH_PATHS = (
					"$(inherited)",
					"@executable_path/Frameworks",
					"@loader_path/Frameworks",
				);
				PRODUCT_BUNDLE_IDENTIFIER = "Rafal-Ozog.StreamAMG-AppTests";
				PRODUCT_NAME = "$(TARGET_NAME)";
				SWIFT_VERSION = 5.0;
				TARGETED_DEVICE_FAMILY = "1,2";
				TEST_HOST = "$(BUILT_PRODUCTS_DIR)/StreamAMG App.app/StreamAMG App";
			};
			name = Release;
		};
		99314D3125305F27001F6336 /* Debug */ = {
			isa = XCBuildConfiguration;
			buildSettings = {
				ALWAYS_EMBED_SWIFT_STANDARD_LIBRARIES = YES;
				CODE_SIGN_STYLE = Automatic;
				INFOPLIST_FILE = "StreamAMG AppUITests/Info.plist";
				LD_RUNPATH_SEARCH_PATHS = (
					"$(inherited)",
					"@executable_path/Frameworks",
					"@loader_path/Frameworks",
				);
				PRODUCT_BUNDLE_IDENTIFIER = "Rafal-Ozog.StreamAMG-AppUITests";
				PRODUCT_NAME = "$(TARGET_NAME)";
				SWIFT_VERSION = 5.0;
				TARGETED_DEVICE_FAMILY = "1,2";
				TEST_TARGET_NAME = "StreamAMG App";
			};
			name = Debug;
		};
		99314D3225305F27001F6336 /* Release */ = {
			isa = XCBuildConfiguration;
			buildSettings = {
				ALWAYS_EMBED_SWIFT_STANDARD_LIBRARIES = YES;
				CODE_SIGN_STYLE = Automatic;
				INFOPLIST_FILE = "StreamAMG AppUITests/Info.plist";
				LD_RUNPATH_SEARCH_PATHS = (
					"$(inherited)",
					"@executable_path/Frameworks",
					"@loader_path/Frameworks",
				);
				PRODUCT_BUNDLE_IDENTIFIER = "Rafal-Ozog.StreamAMG-AppUITests";
				PRODUCT_NAME = "$(TARGET_NAME)";
				SWIFT_VERSION = 5.0;
				TARGETED_DEVICE_FAMILY = "1,2";
				TEST_TARGET_NAME = "StreamAMG App";
			};
			name = Release;
		};
/* End XCBuildConfiguration section */

/* Begin XCConfigurationList section */
		99314D0025305F24001F6336 /* Build configuration list for PBXProject "StreamAMG App" */ = {
			isa = XCConfigurationList;
			buildConfigurations = (
				99314D2825305F27001F6336 /* Debug */,
				99314D2925305F27001F6336 /* Release */,
			);
			defaultConfigurationIsVisible = 0;
			defaultConfigurationName = Release;
		};
		99314D2A25305F27001F6336 /* Build configuration list for PBXNativeTarget "StreamAMG App" */ = {
			isa = XCConfigurationList;
			buildConfigurations = (
				99314D2B25305F27001F6336 /* Debug */,
				99314D2C25305F27001F6336 /* Release */,
			);
			defaultConfigurationIsVisible = 0;
			defaultConfigurationName = Release;
		};
		99314D2D25305F27001F6336 /* Build configuration list for PBXNativeTarget "StreamAMG AppTests" */ = {
			isa = XCConfigurationList;
			buildConfigurations = (
				99314D2E25305F27001F6336 /* Debug */,
				99314D2F25305F27001F6336 /* Release */,
			);
			defaultConfigurationIsVisible = 0;
			defaultConfigurationName = Release;
		};
		99314D3025305F27001F6336 /* Build configuration list for PBXNativeTarget "StreamAMG AppUITests" */ = {
			isa = XCConfigurationList;
			buildConfigurations = (
				99314D3125305F27001F6336 /* Debug */,
				99314D3225305F27001F6336 /* Release */,
			);
			defaultConfigurationIsVisible = 0;
			defaultConfigurationName = Release;
		};
/* End XCConfigurationList section */
	};
	rootObject = 99314CFD25305F24001F6336 /* Project object */;
}
